{
  "name": "ajs-node",
  "version": "1.0.0",
  "lockfileVersion": 2,
  "requires": true,
  "packages": {
    "": {
      "name": "ajs-node",
      "version": "1.0.0",
      "license": "ISC",
      "dependencies": {
        "@sapogoha/ajs": "^1.0.0"
      }
    },
    "node_modules/@sapogoha/ajs": {
      "version": "1.0.0",
      "resolved": "https://npm.pkg.github.com/download/@sapogoha/ajs/1.0.0/effa65c8bbb33c71a923b2a6bf027f38ac64f8caa25a4e1e8084b68735489e65",
      "integrity": "sha512-FXBQvmqjqlyXQkcWqiLtNt1ST7UvwQOoQB146sZh316tCWTUJflL+EOJVqQn7PtEGVEolJW4eU5NHIudVIQoTA==",
      "license": "ISC"
    }
  },
  "dependencies": {
    "@sapogoha/ajs": {
      "version": "1.0.0",
      "resolved": "https://npm.pkg.github.com/download/@sapogoha/ajs/1.0.0/effa65c8bbb33c71a923b2a6bf027f38ac64f8caa25a4e1e8084b68735489e65",
      "integrity": "sha512-FXBQvmqjqlyXQkcWqiLtNt1ST7UvwQOoQB146sZh316tCWTUJflL+EOJVqQn7PtEGVEolJW4eU5NHIudVIQoTA=="
    }
  }
}
